{
  "name": "streamlit-app",
  "lockfileVersion": 3,
  "requires": true,
  "packages": {
    "": {
      "dependencies": {
        "@propelauth/auth-proxy": "^0.0.8"
      }
    },
    "node_modules/@propelauth/auth-proxy": {
      "version": "0.0.8",
      "resolved": "https://registry.npmjs.org/@propelauth/auth-proxy/-/auth-proxy-0.0.8.tgz",
      "integrity": "sha512-wXLmNwGDUDGeYpPeO0dL/TkqZ+14fgF7WoA0rvug8cpXzCx11HrA1zRxBqCLcjMoYNZAcRinDXzHrZP3A9vKjA==",
      "dependencies": {
        "@propelauth/backend-js-utilities": "^0.0.7",
        "cookie": "^0.6.0",
        "http-proxy": "^1.18.1",
        "jose": "^5.1.0"
      }
    },
    "node_modules/@propelauth/backend-js-utilities": {
      "version": "0.0.7",
      "resolved": "https://registry.npmjs.org/@propelauth/backend-js-utilities/-/backend-js-utilities-0.0.7.tgz",
      "integrity": "sha512-2nOnWkECdFJWe4yaaNatNRr575eycfnmxnS4sVCnHBltEn4mJitHs4d4h8COttNHZl0LGF5KyEpS49KHjMAMiQ==",
      "dependencies": {
        "jose": "^5.1.0"
      }
    },
    "node_modules/cookie": {
      "version": "0.6.0",
      "resolved": "https://registry.npmjs.org/cookie/-/cookie-0.6.0.tgz",
      "integrity": "sha512-U71cyTamuh1CRNCfpGY6to28lxvNwPG4Guz/EVjgf3Jmzv0vlDp1atT9eS5dDjMYHucpHbWns6Lwf3BKz6svdw==",
      "engines": {
        "node": ">= 0.6"
      }
    },
    "node_modules/eventemitter3": {
      "version": "4.0.7",
      "resolved": "https://registry.npmjs.org/eventemitter3/-/eventemitter3-4.0.7.tgz",
      "integrity": "sha512-8guHBZCwKnFhYdHr2ysuRWErTwhoN2X8XELRlrRwpmfeY2jjuUN4taQMsULKUVo1K4DvZl+0pgfyoysHxvmvEw=="
    },
    "node_modules/follow-redirects": {
      "version": "1.15.6",
      "resolved": "https://registry.npmjs.org/follow-redirects/-/follow-redirects-1.15.6.tgz",
      "integrity": "sha512-wWN62YITEaOpSK584EZXJafH1AGpO8RVgElfkuXbTOrPX4fIfOyEpW/CsiNd8JdYrAoOvafRTOEnvsO++qCqFA==",
      "funding": [
        {
          "type": "individual",
          "url": "https://github.com/sponsors/RubenVerborgh"
        }
      ],
      "engines": {
        "node": ">=4.0"
      },
      "peerDependenciesMeta": {
        "debug": {
          "optional": true
        }
      }
    },
    "node_modules/http-proxy": {
      "version": "1.18.1",
      "resolved": "https://registry.npmjs.org/http-proxy/-/http-proxy-1.18.1.tgz",
      "integrity": "sha512-7mz/721AbnJwIVbnaSv1Cz3Am0ZLT/UBwkC92VlxhXv/k/BBQfM2fXElQNC27BVGr0uwUpplYPQM9LnaBMR5NQ==",
      "dependencies": {
        "eventemitter3": "^4.0.0",
        "follow-redirects": "^1.0.0",
        "requires-port": "^1.0.0"
      },
      "engines": {
        "node": ">=8.0.0"
      }
    },
    "node_modules/jose": {
      "version": "5.2.3",
      "resolved": "https://registry.npmjs.org/jose/-/jose-5.2.3.tgz",
      "integrity": "sha512-KUXdbctm1uHVL8BYhnyHkgp3zDX5KW8ZhAKVFEfUbU2P8Alpzjb+48hHvjOdQIyPshoblhzsuqOwEEAbtHVirA==",
      "funding": {
        "url": "https://github.com/sponsors/panva"
      }
    },
    "node_modules/requires-port": {
      "version": "1.0.0",
      "resolved": "https://registry.npmjs.org/requires-port/-/requires-port-1.0.0.tgz",
      "integrity": "sha512-KigOCHcocU3XODJxsu8i/j8T9tzT4adHiecwORRQ0ZZFcp7ahwXuRU1m+yuO90C5ZUyGeGfocHDI14M3L3yDAQ=="
    }
  }
}
